
Microsoft Visual Studio Solution File, Format Version 12.00
# Visual Studio Version 17
VisualStudioVersion = 17.6.33829.357
MinimumVisualStudioVersion = 10.0.40219.1
Project("{8BC9CEB8-8B4A-11D0-8D11-00A0C91BC942}") = "001_cout", "CPP_2024\CPP_2024.vcxproj", "{E8D4A6C1-136D-4E6F-9EBA-0189CA148275}"
EndProject
Project("{8BC9CEB8-8B4A-11D0-8D11-00A0C91BC942}") = "002_string", "002_string\002_string.vcxproj", "{DAAB37A4-094E-4A6B-B5B6-E5AE0D631B3B}"
EndProject
Project("{8BC9CEB8-8B4A-11D0-8D11-00A0C91BC942}") = "003_initialize", "003_initialize\003_initialize.vcxproj", "{CE3C2842-FC9D-425D-A1B0-EEB9E605AD73}"
EndProject
Project("{8BC9CEB8-8B4A-11D0-8D11-00A0C91BC942}") = "004_loop", "004_loop\004_loop.vcxproj", "{495B22DA-381F-4ADC-BEB2-E6CD1C9BF19E}"
EndProject
Project("{8BC9CEB8-8B4A-11D0-8D11-00A0C91BC942}") = "005_swap", "005_swap\005_swap.vcxproj", "{FB9299C7-DFC5-4DEB-99C3-E8F09F4205C9}"
EndProject
Project("{8BC9CEB8-8B4A-11D0-8D11-00A0C91BC942}") = "006_defaultParameter", "006_defaultParameter\006_defaultParameter.vcxproj", "{72266BC5-F803-42D9-9532-43441F387964}"
EndProject
Project("{8BC9CEB8-8B4A-11D0-8D11-00A0C91BC942}") = "007_inventory", "007_inventory\007_inventory.vcxproj", "{3F99D713-142A-437A-AA9A-8C235B452C76}"
EndProject
Project("{8BC9CEB8-8B4A-11D0-8D11-00A0C91BC942}") = "008_tv", "008_tv\008_tv.vcxproj", "{585D8164-E14D-4DF9-9534-E7F62C39BD61}"
EndProject
Project("{8BC9CEB8-8B4A-11D0-8D11-00A0C91BC942}") = "009__this", "009__this\009__this.vcxproj", "{3E4090E9-306C-4D1B-9787-FCEDC7E50F6A}"
EndProject
Project("{8BC9CEB8-8B4A-11D0-8D11-00A0C91BC942}") = "010_complex", "010_complex\010_complex.vcxproj", "{E3E4314E-4CA1-4B78-84FC-6EB3A7DBB59D}"
EndProject
Project("{8BC9CEB8-8B4A-11D0-8D11-00A0C91BC942}") = "011_color", "011_color\011_color.vcxproj", "{F64217E8-712E-4F6F-A9B3-DA28E6B3690A}"
EndProject
Project("{8BC9CEB8-8B4A-11D0-8D11-00A0C91BC942}") = "012_colorId", "012_colorId\012_colorId.vcxproj", "{7E90E8B9-FF03-492F-B126-5000BE551C58}"
EndProject
Project("{8BC9CEB8-8B4A-11D0-8D11-00A0C91BC942}") = "013_vecter2", "013_vecter2\013_vecter2.vcxproj", "{EE01EF65-2CFB-4B8D-9C82-63DC910150D5}"
EndProject
Project("{8BC9CEB8-8B4A-11D0-8D11-00A0C91BC942}") = "014_opOverloading", "014_opOverloading\014_opOverloading.vcxproj", "{7AA6ECB8-D8AD-4F91-BCD0-80AF6169B0BB}"
EndProject
Project("{8BC9CEB8-8B4A-11D0-8D11-00A0C91BC942}") = "015_new", "015_new\015_new.vcxproj", "{2E907C42-1FB5-4146-9BD6-78B78646851A}"
EndProject
Project("{8BC9CEB8-8B4A-11D0-8D11-00A0C91BC942}") = "016_objectAllocation", "016_objectAllocation\016_objectAllocation.vcxproj", "{B8D7ECC8-DC08-474E-9302-670B98581F20}"
EndProject
Project("{8BC9CEB8-8B4A-11D0-8D11-00A0C91BC942}") = "017_String", "017_String\017_String.vcxproj", "{2F362CB6-3BA6-4F75-88C6-826CEC86A7D3}"
EndProject
Project("{8BC9CEB8-8B4A-11D0-8D11-00A0C91BC942}") = "018_inheritance", "018_inheritance\018_inheritance.vcxproj", "{A54F2815-E3AF-476C-B8B2-0C3BA68D062B}"
EndProject
Project("{8BC9CEB8-8B4A-11D0-8D11-00A0C91BC942}") = "019_animal", "019_animal\019_animal.vcxproj", "{558CA803-BE8D-4ECB-A8D5-4EE36F14CB96}"
EndProject
Project("{8BC9CEB8-8B4A-11D0-8D11-00A0C91BC942}") = "020_template", "020_template\020_template.vcxproj", "{5B3A3594-C7ED-4E63-B305-032881F6C472}"
EndProject
Project("{8BC9CEB8-8B4A-11D0-8D11-00A0C91BC942}") = "021_classTemplate", "021_classTemplate\021_classTemplate.vcxproj", "{B4764D40-EF0C-48C8-9E2C-B0E98616F950}"
EndProject
Project("{8BC9CEB8-8B4A-11D0-8D11-00A0C91BC942}") = "022_tryCatch", "022_tryCatch\022_tryCatch.vcxproj", "{D4C98A52-8CE4-45E1-BA5A-2F50084F5701}"
EndProject
Project("{8BC9CEB8-8B4A-11D0-8D11-00A0C91BC942}") = "023_auto", "023_auto\023_auto.vcxproj", "{8FA86C67-4130-4171-A7D7-E76D1211DB5B}"
EndProject
Project("{8BC9CEB8-8B4A-11D0-8D11-00A0C91BC942}") = "024_funcPointer", "024_funcPointer\024_funcPointer.vcxproj", "{78D90D6C-FAA4-4F93-9465-EAB9FA098AD9}"
EndProject
Project("{8BC9CEB8-8B4A-11D0-8D11-00A0C91BC942}") = "025_square", "025_square\025_square.vcxproj", "{EDC85F33-3005-4C48-A20F-4F7F66A1FFED}"
EndProject
Project("{8BC9CEB8-8B4A-11D0-8D11-00A0C91BC942}") = "026_lambda", "026_lambda\026_lambda.vcxproj", "{9F2326D2-5713-4A06-B839-191BA514A1A2}"
EndProject
Project("{8BC9CEB8-8B4A-11D0-8D11-00A0C91BC942}") = "027_vector", "027_vector\027_vector.vcxproj", "{4175BE69-4FF3-430B-AAFF-6D82EAC29B07}"
EndProject
Project("{8BC9CEB8-8B4A-11D0-8D11-00A0C91BC942}") = "028_pair", "028_pair\028_pair.vcxproj", "{9A94D050-0592-4199-8154-54DCF595EA60}"
EndProject
Project("{8BC9CEB8-8B4A-11D0-8D11-00A0C91BC942}") = "029_sort", "029_sort\029_sort.vcxproj", "{B3B39CAB-D344-496B-8B8A-31FA8BD9AB38}"
EndProject
Global
	GlobalSection(SolutionConfigurationPlatforms) = preSolution
		Debug|x64 = Debug|x64
		Debug|x86 = Debug|x86
		Release|x64 = Release|x64
		Release|x86 = Release|x86
	EndGlobalSection
	GlobalSection(ProjectConfigurationPlatforms) = postSolution
		{E8D4A6C1-136D-4E6F-9EBA-0189CA148275}.Debug|x64.ActiveCfg = Debug|x64
		{E8D4A6C1-136D-4E6F-9EBA-0189CA148275}.Debug|x64.Build.0 = Debug|x64
		{E8D4A6C1-136D-4E6F-9EBA-0189CA148275}.Debug|x86.ActiveCfg = Debug|Win32
		{E8D4A6C1-136D-4E6F-9EBA-0189CA148275}.Debug|x86.Build.0 = Debug|Win32
		{E8D4A6C1-136D-4E6F-9EBA-0189CA148275}.Release|x64.ActiveCfg = Release|x64
		{E8D4A6C1-136D-4E6F-9EBA-0189CA148275}.Release|x64.Build.0 = Release|x64
		{E8D4A6C1-136D-4E6F-9EBA-0189CA148275}.Release|x86.ActiveCfg = Release|Win32
		{E8D4A6C1-136D-4E6F-9EBA-0189CA148275}.Release|x86.Build.0 = Release|Win32
		{DAAB37A4-094E-4A6B-B5B6-E5AE0D631B3B}.Debug|x64.ActiveCfg = Debug|x64
		{DAAB37A4-094E-4A6B-B5B6-E5AE0D631B3B}.Debug|x64.Build.0 = Debug|x64
		{DAAB37A4-094E-4A6B-B5B6-E5AE0D631B3B}.Debug|x86.ActiveCfg = Debug|Win32
		{DAAB37A4-094E-4A6B-B5B6-E5AE0D631B3B}.Debug|x86.Build.0 = Debug|Win32
		{DAAB37A4-094E-4A6B-B5B6-E5AE0D631B3B}.Release|x64.ActiveCfg = Release|x64
		{DAAB37A4-094E-4A6B-B5B6-E5AE0D631B3B}.Release|x64.Build.0 = Release|x64
		{DAAB37A4-094E-4A6B-B5B6-E5AE0D631B3B}.Release|x86.ActiveCfg = Release|Win32
		{DAAB37A4-094E-4A6B-B5B6-E5AE0D631B3B}.Release|x86.Build.0 = Release|Win32
		{CE3C2842-FC9D-425D-A1B0-EEB9E605AD73}.Debug|x64.ActiveCfg = Debug|x64
		{CE3C2842-FC9D-425D-A1B0-EEB9E605AD73}.Debug|x64.Build.0 = Debug|x64
		{CE3C2842-FC9D-425D-A1B0-EEB9E605AD73}.Debug|x86.ActiveCfg = Debug|Win32
		{CE3C2842-FC9D-425D-A1B0-EEB9E605AD73}.Debug|x86.Build.0 = Debug|Win32
		{CE3C2842-FC9D-425D-A1B0-EEB9E605AD73}.Release|x64.ActiveCfg = Release|x64
		{CE3C2842-FC9D-425D-A1B0-EEB9E605AD73}.Release|x64.Build.0 = Release|x64
		{CE3C2842-FC9D-425D-A1B0-EEB9E605AD73}.Release|x86.ActiveCfg = Release|Win32
		{CE3C2842-FC9D-425D-A1B0-EEB9E605AD73}.Release|x86.Build.0 = Release|Win32
		{495B22DA-381F-4ADC-BEB2-E6CD1C9BF19E}.Debug|x64.ActiveCfg = Debug|x64
		{495B22DA-381F-4ADC-BEB2-E6CD1C9BF19E}.Debug|x64.Build.0 = Debug|x64
		{495B22DA-381F-4ADC-BEB2-E6CD1C9BF19E}.Debug|x86.ActiveCfg = Debug|Win32
		{495B22DA-381F-4ADC-BEB2-E6CD1C9BF19E}.Debug|x86.Build.0 = Debug|Win32
		{495B22DA-381F-4ADC-BEB2-E6CD1C9BF19E}.Release|x64.ActiveCfg = Release|x64
		{495B22DA-381F-4ADC-BEB2-E6CD1C9BF19E}.Release|x64.Build.0 = Release|x64
		{495B22DA-381F-4ADC-BEB2-E6CD1C9BF19E}.Release|x86.ActiveCfg = Release|Win32
		{495B22DA-381F-4ADC-BEB2-E6CD1C9BF19E}.Release|x86.Build.0 = Release|Win32
		{FB9299C7-DFC5-4DEB-99C3-E8F09F4205C9}.Debug|x64.ActiveCfg = Debug|x64
		{FB9299C7-DFC5-4DEB-99C3-E8F09F4205C9}.Debug|x64.Build.0 = Debug|x64
		{FB9299C7-DFC5-4DEB-99C3-E8F09F4205C9}.Debug|x86.ActiveCfg = Debug|Win32
		{FB9299C7-DFC5-4DEB-99C3-E8F09F4205C9}.Debug|x86.Build.0 = Debug|Win32
		{FB9299C7-DFC5-4DEB-99C3-E8F09F4205C9}.Release|x64.ActiveCfg = Release|x64
		{FB9299C7-DFC5-4DEB-99C3-E8F09F4205C9}.Release|x64.Build.0 = Release|x64
		{FB9299C7-DFC5-4DEB-99C3-E8F09F4205C9}.Release|x86.ActiveCfg = Release|Win32
		{FB9299C7-DFC5-4DEB-99C3-E8F09F4205C9}.Release|x86.Build.0 = Release|Win32
		{72266BC5-F803-42D9-9532-43441F387964}.Debug|x64.ActiveCfg = Debug|x64
		{72266BC5-F803-42D9-9532-43441F387964}.Debug|x64.Build.0 = Debug|x64
		{72266BC5-F803-42D9-9532-43441F387964}.Debug|x86.ActiveCfg = Debug|Win32
		{72266BC5-F803-42D9-9532-43441F387964}.Debug|x86.Build.0 = Debug|Win32
		{72266BC5-F803-42D9-9532-43441F387964}.Release|x64.ActiveCfg = Release|x64
		{72266BC5-F803-42D9-9532-43441F387964}.Release|x64.Build.0 = Release|x64
		{72266BC5-F803-42D9-9532-43441F387964}.Release|x86.ActiveCfg = Release|Win32
		{72266BC5-F803-42D9-9532-43441F387964}.Release|x86.Build.0 = Release|Win32
		{3F99D713-142A-437A-AA9A-8C235B452C76}.Debug|x64.ActiveCfg = Debug|x64
		{3F99D713-142A-437A-AA9A-8C235B452C76}.Debug|x64.Build.0 = Debug|x64
		{3F99D713-142A-437A-AA9A-8C235B452C76}.Debug|x86.ActiveCfg = Debug|Win32
		{3F99D713-142A-437A-AA9A-8C235B452C76}.Debug|x86.Build.0 = Debug|Win32
		{3F99D713-142A-437A-AA9A-8C235B452C76}.Release|x64.ActiveCfg = Release|x64
		{3F99D713-142A-437A-AA9A-8C235B452C76}.Release|x64.Build.0 = Release|x64
		{3F99D713-142A-437A-AA9A-8C235B452C76}.Release|x86.ActiveCfg = Release|Win32
		{3F99D713-142A-437A-AA9A-8C235B452C76}.Release|x86.Build.0 = Release|Win32
		{585D8164-E14D-4DF9-9534-E7F62C39BD61}.Debug|x64.ActiveCfg = Debug|x64
		{585D8164-E14D-4DF9-9534-E7F62C39BD61}.Debug|x64.Build.0 = Debug|x64
		{585D8164-E14D-4DF9-9534-E7F62C39BD61}.Debug|x86.ActiveCfg = Debug|Win32
		{585D8164-E14D-4DF9-9534-E7F62C39BD61}.Debug|x86.Build.0 = Debug|Win32
		{585D8164-E14D-4DF9-9534-E7F62C39BD61}.Release|x64.ActiveCfg = Release|x64
		{585D8164-E14D-4DF9-9534-E7F62C39BD61}.Release|x64.Build.0 = Release|x64
		{585D8164-E14D-4DF9-9534-E7F62C39BD61}.Release|x86.ActiveCfg = Release|Win32
		{585D8164-E14D-4DF9-9534-E7F62C39BD61}.Release|x86.Build.0 = Release|Win32
		{3E4090E9-306C-4D1B-9787-FCEDC7E50F6A}.Debug|x64.ActiveCfg = Debug|x64
		{3E4090E9-306C-4D1B-9787-FCEDC7E50F6A}.Debug|x64.Build.0 = Debug|x64
		{3E4090E9-306C-4D1B-9787-FCEDC7E50F6A}.Debug|x86.ActiveCfg = Debug|Win32
		{3E4090E9-306C-4D1B-9787-FCEDC7E50F6A}.Debug|x86.Build.0 = Debug|Win32
		{3E4090E9-306C-4D1B-9787-FCEDC7E50F6A}.Release|x64.ActiveCfg = Release|x64
		{3E4090E9-306C-4D1B-9787-FCEDC7E50F6A}.Release|x64.Build.0 = Release|x64
		{3E4090E9-306C-4D1B-9787-FCEDC7E50F6A}.Release|x86.ActiveCfg = Release|Win32
		{3E4090E9-306C-4D1B-9787-FCEDC7E50F6A}.Release|x86.Build.0 = Release|Win32
		{E3E4314E-4CA1-4B78-84FC-6EB3A7DBB59D}.Debug|x64.ActiveCfg = Debug|x64
		{E3E4314E-4CA1-4B78-84FC-6EB3A7DBB59D}.Debug|x64.Build.0 = Debug|x64
		{E3E4314E-4CA1-4B78-84FC-6EB3A7DBB59D}.Debug|x86.ActiveCfg = Debug|Win32
		{E3E4314E-4CA1-4B78-84FC-6EB3A7DBB59D}.Debug|x86.Build.0 = Debug|Win32
		{E3E4314E-4CA1-4B78-84FC-6EB3A7DBB59D}.Release|x64.ActiveCfg = Release|x64
		{E3E4314E-4CA1-4B78-84FC-6EB3A7DBB59D}.Release|x64.Build.0 = Release|x64
		{E3E4314E-4CA1-4B78-84FC-6EB3A7DBB59D}.Release|x86.ActiveCfg = Release|Win32
		{E3E4314E-4CA1-4B78-84FC-6EB3A7DBB59D}.Release|x86.Build.0 = Release|Win32
		{F64217E8-712E-4F6F-A9B3-DA28E6B3690A}.Debug|x64.ActiveCfg = Debug|x64
		{F64217E8-712E-4F6F-A9B3-DA28E6B3690A}.Debug|x64.Build.0 = Debug|x64
		{F64217E8-712E-4F6F-A9B3-DA28E6B3690A}.Debug|x86.ActiveCfg = Debug|Win32
		{F64217E8-712E-4F6F-A9B3-DA28E6B3690A}.Debug|x86.Build.0 = Debug|Win32
		{F64217E8-712E-4F6F-A9B3-DA28E6B3690A}.Release|x64.ActiveCfg = Release|x64
		{F64217E8-712E-4F6F-A9B3-DA28E6B3690A}.Release|x64.Build.0 = Release|x64
		{F64217E8-712E-4F6F-A9B3-DA28E6B3690A}.Release|x86.ActiveCfg = Release|Win32
		{F64217E8-712E-4F6F-A9B3-DA28E6B3690A}.Release|x86.Build.0 = Release|Win32
		{7E90E8B9-FF03-492F-B126-5000BE551C58}.Debug|x64.ActiveCfg = Debug|x64
		{7E90E8B9-FF03-492F-B126-5000BE551C58}.Debug|x64.Build.0 = Debug|x64
		{7E90E8B9-FF03-492F-B126-5000BE551C58}.Debug|x86.ActiveCfg = Debug|Win32
		{7E90E8B9-FF03-492F-B126-5000BE551C58}.Debug|x86.Build.0 = Debug|Win32
		{7E90E8B9-FF03-492F-B126-5000BE551C58}.Release|x64.ActiveCfg = Release|x64
		{7E90E8B9-FF03-492F-B126-5000BE551C58}.Release|x64.Build.0 = Release|x64
		{7E90E8B9-FF03-492F-B126-5000BE551C58}.Release|x86.ActiveCfg = Release|Win32
		{7E90E8B9-FF03-492F-B126-5000BE551C58}.Release|x86.Build.0 = Release|Win32
		{EE01EF65-2CFB-4B8D-9C82-63DC910150D5}.Debug|x64.ActiveCfg = Debug|x64
		{EE01EF65-2CFB-4B8D-9C82-63DC910150D5}.Debug|x64.Build.0 = Debug|x64
		{EE01EF65-2CFB-4B8D-9C82-63DC910150D5}.Debug|x86.ActiveCfg = Debug|Win32
		{EE01EF65-2CFB-4B8D-9C82-63DC910150D5}.Debug|x86.Build.0 = Debug|Win32
		{EE01EF65-2CFB-4B8D-9C82-63DC910150D5}.Release|x64.ActiveCfg = Release|x64
		{EE01EF65-2CFB-4B8D-9C82-63DC910150D5}.Release|x64.Build.0 = Release|x64
		{EE01EF65-2CFB-4B8D-9C82-63DC910150D5}.Release|x86.ActiveCfg = Release|Win32
		{EE01EF65-2CFB-4B8D-9C82-63DC910150D5}.Release|x86.Build.0 = Release|Win32
		{7AA6ECB8-D8AD-4F91-BCD0-80AF6169B0BB}.Debug|x64.ActiveCfg = Debug|x64
		{7AA6ECB8-D8AD-4F91-BCD0-80AF6169B0BB}.Debug|x64.Build.0 = Debug|x64
		{7AA6ECB8-D8AD-4F91-BCD0-80AF6169B0BB}.Debug|x86.ActiveCfg = Debug|Win32
		{7AA6ECB8-D8AD-4F91-BCD0-80AF6169B0BB}.Debug|x86.Build.0 = Debug|Win32
		{7AA6ECB8-D8AD-4F91-BCD0-80AF6169B0BB}.Release|x64.ActiveCfg = Release|x64
		{7AA6ECB8-D8AD-4F91-BCD0-80AF6169B0BB}.Release|x64.Build.0 = Release|x64
		{7AA6ECB8-D8AD-4F91-BCD0-80AF6169B0BB}.Release|x86.ActiveCfg = Release|Win32
		{7AA6ECB8-D8AD-4F91-BCD0-80AF6169B0BB}.Release|x86.Build.0 = Release|Win32
		{2E907C42-1FB5-4146-9BD6-78B78646851A}.Debug|x64.ActiveCfg = Debug|x64
		{2E907C42-1FB5-4146-9BD6-78B78646851A}.Debug|x64.Build.0 = Debug|x64
		{2E907C42-1FB5-4146-9BD6-78B78646851A}.Debug|x86.ActiveCfg = Debug|Win32
		{2E907C42-1FB5-4146-9BD6-78B78646851A}.Debug|x86.Build.0 = Debug|Win32
		{2E907C42-1FB5-4146-9BD6-78B78646851A}.Release|x64.ActiveCfg = Release|x64
		{2E907C42-1FB5-4146-9BD6-78B78646851A}.Release|x64.Build.0 = Release|x64
		{2E907C42-1FB5-4146-9BD6-78B78646851A}.Release|x86.ActiveCfg = Release|Win32
		{2E907C42-1FB5-4146-9BD6-78B78646851A}.Release|x86.Build.0 = Release|Win32
		{B8D7ECC8-DC08-474E-9302-670B98581F20}.Debug|x64.ActiveCfg = Debug|x64
		{B8D7ECC8-DC08-474E-9302-670B98581F20}.Debug|x64.Build.0 = Debug|x64
		{B8D7ECC8-DC08-474E-9302-670B98581F20}.Debug|x86.ActiveCfg = Debug|Win32
		{B8D7ECC8-DC08-474E-9302-670B98581F20}.Debug|x86.Build.0 = Debug|Win32
		{B8D7ECC8-DC08-474E-9302-670B98581F20}.Release|x64.ActiveCfg = Release|x64
		{B8D7ECC8-DC08-474E-9302-670B98581F20}.Release|x64.Build.0 = Release|x64
		{B8D7ECC8-DC08-474E-9302-670B98581F20}.Release|x86.ActiveCfg = Release|Win32
		{B8D7ECC8-DC08-474E-9302-670B98581F20}.Release|x86.Build.0 = Release|Win32
		{2F362CB6-3BA6-4F75-88C6-826CEC86A7D3}.Debug|x64.ActiveCfg = Debug|x64
		{2F362CB6-3BA6-4F75-88C6-826CEC86A7D3}.Debug|x64.Build.0 = Debug|x64
		{2F362CB6-3BA6-4F75-88C6-826CEC86A7D3}.Debug|x86.ActiveCfg = Debug|Win32
		{2F362CB6-3BA6-4F75-88C6-826CEC86A7D3}.Debug|x86.Build.0 = Debug|Win32
		{2F362CB6-3BA6-4F75-88C6-826CEC86A7D3}.Release|x64.ActiveCfg = Release|x64
		{2F362CB6-3BA6-4F75-88C6-826CEC86A7D3}.Release|x64.Build.0 = Release|x64
		{2F362CB6-3BA6-4F75-88C6-826CEC86A7D3}.Release|x86.ActiveCfg = Release|Win32
		{2F362CB6-3BA6-4F75-88C6-826CEC86A7D3}.Release|x86.Build.0 = Release|Win32
		{A54F2815-E3AF-476C-B8B2-0C3BA68D062B}.Debug|x64.ActiveCfg = Debug|x64
		{A54F2815-E3AF-476C-B8B2-0C3BA68D062B}.Debug|x64.Build.0 = Debug|x64
		{A54F2815-E3AF-476C-B8B2-0C3BA68D062B}.Debug|x86.ActiveCfg = Debug|Win32
		{A54F2815-E3AF-476C-B8B2-0C3BA68D062B}.Debug|x86.Build.0 = Debug|Win32
		{A54F2815-E3AF-476C-B8B2-0C3BA68D062B}.Release|x64.ActiveCfg = Release|x64
		{A54F2815-E3AF-476C-B8B2-0C3BA68D062B}.Release|x64.Build.0 = Release|x64
		{A54F2815-E3AF-476C-B8B2-0C3BA68D062B}.Release|x86.ActiveCfg = Release|Win32
		{A54F2815-E3AF-476C-B8B2-0C3BA68D062B}.Release|x86.Build.0 = Release|Win32
		{558CA803-BE8D-4ECB-A8D5-4EE36F14CB96}.Debug|x64.ActiveCfg = Debug|x64
		{558CA803-BE8D-4ECB-A8D5-4EE36F14CB96}.Debug|x64.Build.0 = Debug|x64
		{558CA803-BE8D-4ECB-A8D5-4EE36F14CB96}.Debug|x86.ActiveCfg = Debug|Win32
		{558CA803-BE8D-4ECB-A8D5-4EE36F14CB96}.Debug|x86.Build.0 = Debug|Win32
		{558CA803-BE8D-4ECB-A8D5-4EE36F14CB96}.Release|x64.ActiveCfg = Release|x64
		{558CA803-BE8D-4ECB-A8D5-4EE36F14CB96}.Release|x64.Build.0 = Release|x64
		{558CA803-BE8D-4ECB-A8D5-4EE36F14CB96}.Release|x86.ActiveCfg = Release|Win32
		{558CA803-BE8D-4ECB-A8D5-4EE36F14CB96}.Release|x86.Build.0 = Release|Win32
		{5B3A3594-C7ED-4E63-B305-032881F6C472}.Debug|x64.ActiveCfg = Debug|x64
		{5B3A3594-C7ED-4E63-B305-032881F6C472}.Debug|x64.Build.0 = Debug|x64
		{5B3A3594-C7ED-4E63-B305-032881F6C472}.Debug|x86.ActiveCfg = Debug|Win32
		{5B3A3594-C7ED-4E63-B305-032881F6C472}.Debug|x86.Build.0 = Debug|Win32
		{5B3A3594-C7ED-4E63-B305-032881F6C472}.Release|x64.ActiveCfg = Release|x64
		{5B3A3594-C7ED-4E63-B305-032881F6C472}.Release|x64.Build.0 = Release|x64
		{5B3A3594-C7ED-4E63-B305-032881F6C472}.Release|x86.ActiveCfg = Release|Win32
		{5B3A3594-C7ED-4E63-B305-032881F6C472}.Release|x86.Build.0 = Release|Win32
		{B4764D40-EF0C-48C8-9E2C-B0E98616F950}.Debug|x64.ActiveCfg = Debug|x64
		{B4764D40-EF0C-48C8-9E2C-B0E98616F950}.Debug|x64.Build.0 = Debug|x64
		{B4764D40-EF0C-48C8-9E2C-B0E98616F950}.Debug|x86.ActiveCfg = Debug|Win32
		{B4764D40-EF0C-48C8-9E2C-B0E98616F950}.Debug|x86.Build.0 = Debug|Win32
		{B4764D40-EF0C-48C8-9E2C-B0E98616F950}.Release|x64.ActiveCfg = Release|x64
		{B4764D40-EF0C-48C8-9E2C-B0E98616F950}.Release|x64.Build.0 = Release|x64
		{B4764D40-EF0C-48C8-9E2C-B0E98616F950}.Release|x86.ActiveCfg = Release|Win32
		{B4764D40-EF0C-48C8-9E2C-B0E98616F950}.Release|x86.Build.0 = Release|Win32
		{D4C98A52-8CE4-45E1-BA5A-2F50084F5701}.Debug|x64.ActiveCfg = Debug|x64
		{D4C98A52-8CE4-45E1-BA5A-2F50084F5701}.Debug|x64.Build.0 = Debug|x64
		{D4C98A52-8CE4-45E1-BA5A-2F50084F5701}.Debug|x86.ActiveCfg = Debug|Win32
		{D4C98A52-8CE4-45E1-BA5A-2F50084F5701}.Debug|x86.Build.0 = Debug|Win32
		{D4C98A52-8CE4-45E1-BA5A-2F50084F5701}.Release|x64.ActiveCfg = Release|x64
		{D4C98A52-8CE4-45E1-BA5A-2F50084F5701}.Release|x64.Build.0 = Release|x64
		{D4C98A52-8CE4-45E1-BA5A-2F50084F5701}.Release|x86.ActiveCfg = Release|Win32
		{D4C98A52-8CE4-45E1-BA5A-2F50084F5701}.Release|x86.Build.0 = Release|Win32
		{8FA86C67-4130-4171-A7D7-E76D1211DB5B}.Debug|x64.ActiveCfg = Debug|x64
		{8FA86C67-4130-4171-A7D7-E76D1211DB5B}.Debug|x64.Build.0 = Debug|x64
		{8FA86C67-4130-4171-A7D7-E76D1211DB5B}.Debug|x86.ActiveCfg = Debug|Win32
		{8FA86C67-4130-4171-A7D7-E76D1211DB5B}.Debug|x86.Build.0 = Debug|Win32
		{8FA86C67-4130-4171-A7D7-E76D1211DB5B}.Release|x64.ActiveCfg = Release|x64
		{8FA86C67-4130-4171-A7D7-E76D1211DB5B}.Release|x64.Build.0 = Release|x64
		{8FA86C67-4130-4171-A7D7-E76D1211DB5B}.Release|x86.ActiveCfg = Release|Win32
		{8FA86C67-4130-4171-A7D7-E76D1211DB5B}.Release|x86.Build.0 = Release|Win32
		{78D90D6C-FAA4-4F93-9465-EAB9FA098AD9}.Debug|x64.ActiveCfg = Debug|x64
		{78D90D6C-FAA4-4F93-9465-EAB9FA098AD9}.Debug|x64.Build.0 = Debug|x64
		{78D90D6C-FAA4-4F93-9465-EAB9FA098AD9}.Debug|x86.ActiveCfg = Debug|Win32
		{78D90D6C-FAA4-4F93-9465-EAB9FA098AD9}.Debug|x86.Build.0 = Debug|Win32
		{78D90D6C-FAA4-4F93-9465-EAB9FA098AD9}.Release|x64.ActiveCfg = Release|x64
		{78D90D6C-FAA4-4F93-9465-EAB9FA098AD9}.Release|x64.Build.0 = Release|x64
		{78D90D6C-FAA4-4F93-9465-EAB9FA098AD9}.Release|x86.ActiveCfg = Release|Win32
		{78D90D6C-FAA4-4F93-9465-EAB9FA098AD9}.Release|x86.Build.0 = Release|Win32
		{EDC85F33-3005-4C48-A20F-4F7F66A1FFED}.Debug|x64.ActiveCfg = Debug|x64
		{EDC85F33-3005-4C48-A20F-4F7F66A1FFED}.Debug|x64.Build.0 = Debug|x64
		{EDC85F33-3005-4C48-A20F-4F7F66A1FFED}.Debug|x86.ActiveCfg = Debug|Win32
		{EDC85F33-3005-4C48-A20F-4F7F66A1FFED}.Debug|x86.Build.0 = Debug|Win32
		{EDC85F33-3005-4C48-A20F-4F7F66A1FFED}.Release|x64.ActiveCfg = Release|x64
		{EDC85F33-3005-4C48-A20F-4F7F66A1FFED}.Release|x64.Build.0 = Release|x64
		{EDC85F33-3005-4C48-A20F-4F7F66A1FFED}.Release|x86.ActiveCfg = Release|Win32
		{EDC85F33-3005-4C48-A20F-4F7F66A1FFED}.Release|x86.Build.0 = Release|Win32
		{9F2326D2-5713-4A06-B839-191BA514A1A2}.Debug|x64.ActiveCfg = Debug|x64
		{9F2326D2-5713-4A06-B839-191BA514A1A2}.Debug|x64.Build.0 = Debug|x64
		{9F2326D2-5713-4A06-B839-191BA514A1A2}.Debug|x86.ActiveCfg = Debug|Win32
		{9F2326D2-5713-4A06-B839-191BA514A1A2}.Debug|x86.Build.0 = Debug|Win32
		{9F2326D2-5713-4A06-B839-191BA514A1A2}.Release|x64.ActiveCfg = Release|x64
		{9F2326D2-5713-4A06-B839-191BA514A1A2}.Release|x64.Build.0 = Release|x64
		{9F2326D2-5713-4A06-B839-191BA514A1A2}.Release|x86.ActiveCfg = Release|Win32
		{9F2326D2-5713-4A06-B839-191BA514A1A2}.Release|x86.Build.0 = Release|Win32
		{4175BE69-4FF3-430B-AAFF-6D82EAC29B07}.Debug|x64.ActiveCfg = Debug|x64
		{4175BE69-4FF3-430B-AAFF-6D82EAC29B07}.Debug|x64.Build.0 = Debug|x64
		{4175BE69-4FF3-430B-AAFF-6D82EAC29B07}.Debug|x86.ActiveCfg = Debug|Win32
		{4175BE69-4FF3-430B-AAFF-6D82EAC29B07}.Debug|x86.Build.0 = Debug|Win32
		{4175BE69-4FF3-430B-AAFF-6D82EAC29B07}.Release|x64.ActiveCfg = Release|x64
		{4175BE69-4FF3-430B-AAFF-6D82EAC29B07}.Release|x64.Build.0 = Release|x64
		{4175BE69-4FF3-430B-AAFF-6D82EAC29B07}.Release|x86.ActiveCfg = Release|Win32
		{4175BE69-4FF3-430B-AAFF-6D82EAC29B07}.Release|x86.Build.0 = Release|Win32
		{9A94D050-0592-4199-8154-54DCF595EA60}.Debug|x64.ActiveCfg = Debug|x64
		{9A94D050-0592-4199-8154-54DCF595EA60}.Debug|x64.Build.0 = Debug|x64
		{9A94D050-0592-4199-8154-54DCF595EA60}.Debug|x86.ActiveCfg = Debug|Win32
		{9A94D050-0592-4199-8154-54DCF595EA60}.Debug|x86.Build.0 = Debug|Win32
		{9A94D050-0592-4199-8154-54DCF595EA60}.Release|x64.ActiveCfg = Release|x64
		{9A94D050-0592-4199-8154-54DCF595EA60}.Release|x64.Build.0 = Release|x64
		{9A94D050-0592-4199-8154-54DCF595EA60}.Release|x86.ActiveCfg = Release|Win32
		{9A94D050-0592-4199-8154-54DCF595EA60}.Release|x86.Build.0 = Release|Win32
		{B3B39CAB-D344-496B-8B8A-31FA8BD9AB38}.Debug|x64.ActiveCfg = Debug|x64
		{B3B39CAB-D344-496B-8B8A-31FA8BD9AB38}.Debug|x64.Build.0 = Debug|x64
		{B3B39CAB-D344-496B-8B8A-31FA8BD9AB38}.Debug|x86.ActiveCfg = Debug|Win32
		{B3B39CAB-D344-496B-8B8A-31FA8BD9AB38}.Debug|x86.Build.0 = Debug|Win32
		{B3B39CAB-D344-496B-8B8A-31FA8BD9AB38}.Release|x64.ActiveCfg = Release|x64
		{B3B39CAB-D344-496B-8B8A-31FA8BD9AB38}.Release|x64.Build.0 = Release|x64
		{B3B39CAB-D344-496B-8B8A-31FA8BD9AB38}.Release|x86.ActiveCfg = Release|Win32
		{B3B39CAB-D344-496B-8B8A-31FA8BD9AB38}.Release|x86.Build.0 = Release|Win32
	EndGlobalSection
	GlobalSection(SolutionProperties) = preSolution
		HideSolutionNode = FALSE
	EndGlobalSection
	GlobalSection(ExtensibilityGlobals) = postSolution
		SolutionGuid = {DDD1550D-8BA9-48D6-9186-14A7981295FE}
	EndGlobalSection
EndGlobal
